github.com/knusbaum/go-ircevent v0.0.0-20190807115034-8e7ce4b5a1eb h1:9DhIqbuF0jsw/GBG6L5L6wpCl6SQQEX9UOdmFgUQ+XQ=
github.com/knusbaum/go-ircevent v0.0.0-20190807115034-8e7ce4b5a1eb/go.mod h1:I0ZT9x8wStY6VOxtNOrLpnDURFs7HS0z1e1vhuKUEVc=
github.com/knusbaum/go-ircevent v0.0.0-20200327233130-f122aaa31bcf h1:LH6PUN7Fl3hKpZ3VYoKptbpCCbvFTDPKTntIfJS1uGY=
github.com/knusbaum/go-ircevent v0.0.0-20200327233130-f122aaa31bcf/go.mod h1:I0ZT9x8wStY6VOxtNOrLpnDURFs7HS0z1e1vhuKUEVc=
github.com/knusbaum/go-ircevent v0.0.0-20200327234106-6ade69379f3b h1:i2lYodnK1HTU7L2Tg6iUTCwH+9JQw+8WvLfzzEVoB04=
github.com/knusbaum/go-ircevent v0.0.0-20200327234106-6ade69379f3b/go.mod h1:I0ZT9x8wStY6VOxtNOrLpnDURFs7HS0z1e1vhuKUEVc=
github.com/thoj/go-ircevent v0.0.0-20190807115034-8e7ce4b5a1eb h1:EavwSqheIJl3nb91HhkL73DwnT2Fk8W3yM7T7TuLZvA=
github.com/thoj/go-ircevent v0.0.0-20190807115034-8e7ce4b5a1eb/go.mod h1:I0ZT9x8wStY6VOxtNOrLpnDURFs7HS0z1e1vhuKUEVc=
golang.org/x/text v0.3.2 h1:tW2bmiBqwgJj/UpqtC8EpXEZVYOwU0yG4iWbprSVAcs=
golang.org/x/text v0.3.2/go.mod h1:bEr9sfX3Q8Zfm5fL9x+3itogRgK3+ptLWKqgva+5dAk=
golang.org/x/tools v0.0.0-20180917221912-90fa682c2a6e/go.mod h1:n7NCudcB/nEzxVGmLbDWY5pfWTLqBcC2KZ6jyYvM4mQ=
