9fans.net/go v0.0.2/go.mod h1:lfPdxjq9v8pVQXUMBCx5EO5oLXWQFlKRQgs1kEkjoIM=
github.com/Plan9-Archive/libauth v0.0.0-20180917063427-d1ca9e94969d h1:xH/U6K+HYxh1480TkQYRqRO8F2RJsg+R6wFiVJzdldg=
github.com/Plan9-Archive/libauth v0.0.0-20180917063427-d1ca9e94969d/go.mod h1:UKp8dv9aeaZoQFWin7eQXtz89iHly1YAFZNn3MCutmQ=
github.com/davecgh/go-spew v1.1.0/go.mod h1:J7Y8YcW2NihsgmVo/mv3lAwl/skON4iLHjSsI+c5H38=
github.com/fhs/mux9p v0.2.0/go.mod h1:tjbHDrV79hmPQZ5kZ5Lu5ggNPNFe6MGAldApF+ynYy8=
github.com/knusbaum/go-ircevent v0.0.0-20190807115034-8e7ce4b5a1eb h1:9DhIqbuF0jsw/GBG6L5L6wpCl6SQQEX9UOdmFgUQ+XQ=
github.com/knusbaum/go-ircevent v0.0.0-20190807115034-8e7ce4b5a1eb/go.mod h1:I0ZT9x8wStY6VOxtNOrLpnDURFs7HS0z1e1vhuKUEVc=
github.com/knusbaum/go-ircevent v0.0.0-20200327233130-f122aaa31bcf h1:LH6PUN7Fl3hKpZ3VYoKptbpCCbvFTDPKTntIfJS1uGY=
github.com/knusbaum/go-ircevent v0.0.0-20200327233130-f122aaa31bcf/go.mod h1:I0ZT9x8wStY6VOxtNOrLpnDURFs7HS0z1e1vhuKUEVc=
github.com/knusbaum/go-ircevent v0.0.0-20200327234106-6ade69379f3b h1:i2lYodnK1HTU7L2Tg6iUTCwH+9JQw+8WvLfzzEVoB04=
github.com/knusbaum/go-ircevent v0.0.0-20200327234106-6ade69379f3b/go.mod h1:I0ZT9x8wStY6VOxtNOrLpnDURFs7HS0z1e1vhuKUEVc=
github.com/knusbaum/go9p v1.3.0 h1:DfNH931E7/lOqbsYuQxm6YUakhO/Rw9QnYidtmJ41Dc=
github.com/knusbaum/go9p v1.3.0/go.mod h1:fhHqrfb3VbeB0jDR98mkC3HCJl+VeFIafnVhg2rrPrA=
github.com/knusbaum/go9p v1.5.0 h1:azAAugdov4/JMrXXJbXKkWnY9is9ji55LEmpOJWuQq0=
github.com/knusbaum/go9p v1.5.0/go.mod h1:QIQCvpV1Gcyg8N4+jUqIdFFV0131V2TKSEkvxjYsbmI=
github.com/knusbaum/go9p v1.6.0 h1:3b/HaaecR1ainzfgXbw3f8nOmh2eZhKdAmhSuI6Svs8=
github.com/knusbaum/go9p v1.6.0/go.mod h1:QIQCvpV1Gcyg8N4+jUqIdFFV0131V2TKSEkvxjYsbmI=
github.com/knusbaum/go9p v1.7.0 h1:/U5CRKdDXhN/0QLmdUOVqyER65IFw1j3/9qlZeevCJs=
github.com/knusbaum/go9p v1.7.0/go.mod h1:QIQCvpV1Gcyg8N4+jUqIdFFV0131V2TKSEkvxjYsbmI=
github.com/pmezard/go-difflib v1.0.0/go.mod h1:iKH77koFhYxTK1pcRnkKkqfTogsbg7gZNVY4sRDYZ/4=
github.com/stretchr/objx v0.1.0/go.mod h1:HFkY916IF+rwdDfMAkV7OtwuqBVzrE8GR6GFx+wExME=
github.com/stretchr/testify v1.4.0/go.mod h1:j7eGeouHqKxXV5pUuKE4zz7dFj8WfuZ+81PSLYec5m4=
github.com/thoj/go-ircevent v0.0.0-20190807115034-8e7ce4b5a1eb h1:EavwSqheIJl3nb91HhkL73DwnT2Fk8W3yM7T7TuLZvA=
github.com/thoj/go-ircevent v0.0.0-20190807115034-8e7ce4b5a1eb/go.mod h1:I0ZT9x8wStY6VOxtNOrLpnDURFs7HS0z1e1vhuKUEVc=
golang.org/x/text v0.3.2 h1:tW2bmiBqwgJj/UpqtC8EpXEZVYOwU0yG4iWbprSVAcs=
golang.org/x/text v0.3.2/go.mod h1:bEr9sfX3Q8Zfm5fL9x+3itogRgK3+ptLWKqgva+5dAk=
golang.org/x/tools v0.0.0-20180917221912-90fa682c2a6e/go.mod h1:n7NCudcB/nEzxVGmLbDWY5pfWTLqBcC2KZ6jyYvM4mQ=
gopkg.in/check.v1 v0.0.0-20161208181325-20d25e280405/go.mod h1:Co6ibVJAznAaIkqp8huTwlJQCZ016jof/cbN4VW5Yz0=
gopkg.in/yaml.v2 v2.2.2/go.mod h1:hI93XBmqTisBFMUTm0b8Fm+jr3Dg1NNxqwp+5A1VGuI=
